
Microsoft Visual Studio Solution File, Format Version 12.00
# Visual Studio Version 17
VisualStudioVersion = 17.10.35027.167
MinimumVisualStudioVersion = 10.0.40219.1
Project("{FAE04EC0-301F-11D3-BF4B-00C04F79EFBC}") = "InfoMessageProject", "InfoMessageProject\InfoMessageProject.csproj", "{56A0F693-C78D-4992-9C72-E060545A8B01}"
EndProject
Global
	GlobalSection(SolutionConfigurationPlatforms) = preSolution
		Debug|Any CPU = Debug|Any CPU
		Release|Any CPU = Release|Any CPU
	EndGlobalSection
	GlobalSection(ProjectConfigurationPlatforms) = postSolution
		{56A0F693-C78D-4992-9C72-E060545A8B01}.Debug|Any CPU.ActiveCfg = Debug|Any CPU
		{56A0F693-C78D-4992-9C72-E060545A8B01}.Debug|Any CPU.Build.0 = Debug|Any CPU
		{56A0F693-C78D-4992-9C72-E060545A8B01}.Release|Any CPU.ActiveCfg = Release|Any CPU
		{56A0F693-C78D-4992-9C72-E060545A8B01}.Release|Any CPU.Build.0 = Release|Any CPU
	EndGlobalSection
	GlobalSection(SolutionProperties) = preSolution
		HideSolutionNode = FALSE
	EndGlobalSection
	GlobalSection(ExtensibilityGlobals) = postSolution
		SolutionGuid = {4B0549D0-3637-47EE-946E-452B3B223DBE}
	EndGlobalSection
EndGlobal
